{
  "name": "advent-of-code-2017",
  "version": "1.0.0",
  "lockfileVersion": 1,
  "requires": true,
  "dependencies": {
    "lodash": {
      "version": "4.17.4",
      "resolved": "https://registry.npmjs.org/lodash/-/lodash-4.17.4.tgz",
      "integrity": "sha1-eCA6TRwyiuHYbcpkYONptX9AVa4="
    },
    "lodash.combinations": {
      "version": "17.8.19",
      "resolved": "https://registry.npmjs.org/lodash.combinations/-/lodash.combinations-17.8.19.tgz",
      "integrity": "sha512-zp9g3OVEYV0kef/fum8JNxd2/bHfDNCeYHI8H05/xJgvxS3bcSuwTD04V1Ngf7aRza7StP18VAOE1wzEW33Nnw==",
      "requires": {
        "lodash": "4.17.4"
      }
    }
  }
}
